
Microsoft Visual Studio Solution File, Format Version 12.00
# Visual Studio Version 17
VisualStudioVersion = 17.5.33530.505
MinimumVisualStudioVersion = 10.0.40219.1
Project("{9A19103F-16F7-4668-BE54-9A1E7A4F7556}") = "StocksAppAssignment", "StocksAppAssignment\StocksAppAssignment.csproj", "{851FBA60-9225-49E8-BC22-08E430F1762C}"
EndProject
Project("{9A19103F-16F7-4668-BE54-9A1E7A4F7556}") = "Services", "Services\Services.csproj", "{C0595E6C-0D61-4024-BD1C-8F31F0A92C01}"
EndProject
Project("{9A19103F-16F7-4668-BE54-9A1E7A4F7556}") = "ServiceContracts", "ServiceContracts\ServiceContracts.csproj", "{08097305-0FFD-4D99-8401-DB189EECE2B6}"
EndProject
Project("{9A19103F-16F7-4668-BE54-9A1E7A4F7556}") = "Entities", "Entities\Entities.csproj", "{4E7472D1-53DD-4383-B12A-A2C6014BE632}"
EndProject
Project("{9A19103F-16F7-4668-BE54-9A1E7A4F7556}") = "Tests", "Tests\Tests.csproj", "{2AFAA2A6-25CF-4D02-B083-290F3CB08C38}"
EndProject
Project("{FAE04EC0-301F-11D3-BF4B-00C04F79EFBC}") = "RepositoryContracts", "RepositoryContracts\RepositoryContracts.csproj", "{1BB72A81-9D5D-411F-A822-7DE5B0B92069}"
EndProject
Project("{FAE04EC0-301F-11D3-BF4B-00C04F79EFBC}") = "Repositories", "Repositories\Repositories.csproj", "{4B372946-82E5-433F-B168-491B49D71C7B}"
EndProject
Global
	GlobalSection(SolutionConfigurationPlatforms) = preSolution
		Debug|Any CPU = Debug|Any CPU
		Release|Any CPU = Release|Any CPU
	EndGlobalSection
	GlobalSection(ProjectConfigurationPlatforms) = postSolution
		{851FBA60-9225-49E8-BC22-08E430F1762C}.Debug|Any CPU.ActiveCfg = Debug|Any CPU
		{851FBA60-9225-49E8-BC22-08E430F1762C}.Debug|Any CPU.Build.0 = Debug|Any CPU
		{851FBA60-9225-49E8-BC22-08E430F1762C}.Release|Any CPU.ActiveCfg = Release|Any CPU
		{851FBA60-9225-49E8-BC22-08E430F1762C}.Release|Any CPU.Build.0 = Release|Any CPU
		{C0595E6C-0D61-4024-BD1C-8F31F0A92C01}.Debug|Any CPU.ActiveCfg = Debug|Any CPU
		{C0595E6C-0D61-4024-BD1C-8F31F0A92C01}.Debug|Any CPU.Build.0 = Debug|Any CPU
		{C0595E6C-0D61-4024-BD1C-8F31F0A92C01}.Release|Any CPU.ActiveCfg = Release|Any CPU
		{C0595E6C-0D61-4024-BD1C-8F31F0A92C01}.Release|Any CPU.Build.0 = Release|Any CPU
		{08097305-0FFD-4D99-8401-DB189EECE2B6}.Debug|Any CPU.ActiveCfg = Debug|Any CPU
		{08097305-0FFD-4D99-8401-DB189EECE2B6}.Debug|Any CPU.Build.0 = Debug|Any CPU
		{08097305-0FFD-4D99-8401-DB189EECE2B6}.Release|Any CPU.ActiveCfg = Release|Any CPU
		{08097305-0FFD-4D99-8401-DB189EECE2B6}.Release|Any CPU.Build.0 = Release|Any CPU
		{4E7472D1-53DD-4383-B12A-A2C6014BE632}.Debug|Any CPU.ActiveCfg = Debug|Any CPU
		{4E7472D1-53DD-4383-B12A-A2C6014BE632}.Debug|Any CPU.Build.0 = Debug|Any CPU
		{4E7472D1-53DD-4383-B12A-A2C6014BE632}.Release|Any CPU.ActiveCfg = Release|Any CPU
		{4E7472D1-53DD-4383-B12A-A2C6014BE632}.Release|Any CPU.Build.0 = Release|Any CPU
		{2AFAA2A6-25CF-4D02-B083-290F3CB08C38}.Debug|Any CPU.ActiveCfg = Debug|Any CPU
		{2AFAA2A6-25CF-4D02-B083-290F3CB08C38}.Debug|Any CPU.Build.0 = Debug|Any CPU
		{2AFAA2A6-25CF-4D02-B083-290F3CB08C38}.Release|Any CPU.ActiveCfg = Release|Any CPU
		{2AFAA2A6-25CF-4D02-B083-290F3CB08C38}.Release|Any CPU.Build.0 = Release|Any CPU
		{1BB72A81-9D5D-411F-A822-7DE5B0B92069}.Debug|Any CPU.ActiveCfg = Debug|Any CPU
		{1BB72A81-9D5D-411F-A822-7DE5B0B92069}.Debug|Any CPU.Build.0 = Debug|Any CPU
		{1BB72A81-9D5D-411F-A822-7DE5B0B92069}.Release|Any CPU.ActiveCfg = Release|Any CPU
		{1BB72A81-9D5D-411F-A822-7DE5B0B92069}.Release|Any CPU.Build.0 = Release|Any CPU
		{4B372946-82E5-433F-B168-491B49D71C7B}.Debug|Any CPU.ActiveCfg = Debug|Any CPU
		{4B372946-82E5-433F-B168-491B49D71C7B}.Debug|Any CPU.Build.0 = Debug|Any CPU
		{4B372946-82E5-433F-B168-491B49D71C7B}.Release|Any CPU.ActiveCfg = Release|Any CPU
		{4B372946-82E5-433F-B168-491B49D71C7B}.Release|Any CPU.Build.0 = Release|Any CPU
	EndGlobalSection
	GlobalSection(SolutionProperties) = preSolution
		HideSolutionNode = FALSE
	EndGlobalSection
	GlobalSection(ExtensibilityGlobals) = postSolution
		SolutionGuid = {2A478C96-C5B0-4074-BD16-9E0AAE2E58C6}
	EndGlobalSection
EndGlobal
